// !$*UTF8*$!
{
	archiveVersion = 1;
	classes = {
	};
	objectVersion = 51;
	objects = {

/* Begin PBXBuildFile section */
		82D7ED6F7E052EA4C590082D /* Pods_WagesCounter.framework in Frameworks */ = {isa = PBXBuildFile; fileRef = 39DEEB33B4DB73A56D9ED9BB /* Pods_WagesCounter.framework */; };
		89D8EB6C2604EB2C0046D14F /* AppDelegate.swift in Sources */ = {isa = PBXBuildFile; fileRef = 89D8EB6B2604EB2C0046D14F /* AppDelegate.swift */; };
		89D8EB6E2604EB2C0046D14F /* SceneDelegate.swift in Sources */ = {isa = PBXBuildFile; fileRef = 89D8EB6D2604EB2C0046D14F /* SceneDelegate.swift */; };
		89D8EB702604EB2C0046D14F /* ViewController.swift in Sources */ = {isa = PBXBuildFile; fileRef = 89D8EB6F2604EB2C0046D14F /* ViewController.swift */; };
		89D8EB732604EB2C0046D14F /* Main.storyboard in Resources */ = {isa = PBXBuildFile; fileRef = 89D8EB712604EB2C0046D14F /* Main.storyboard */; };
		89D8EB752604EB2D0046D14F /* Assets.xcassets in Resources */ = {isa = PBXBuildFile; fileRef = 89D8EB742604EB2D0046D14F /* Assets.xcassets */; };
		89D8EB782604EB2D0046D14F /* LaunchScreen.storyboard in Resources */ = {isa = PBXBuildFile; fileRef = 89D8EB762604EB2D0046D14F /* LaunchScreen.storyboard */; };
/* End PBXBuildFile section */

/* Begin PBXFileReference section */
		0BB733DD772AF1C2DC758D0D /* Pods-WagesCounter.release.xcconfig */ = {isa = PBXFileReference; includeInIndex = 1; lastKnownFileType = text.xcconfig; name = "Pods-WagesCounter.release.xcconfig"; path = "Target Support Files/Pods-WagesCounter/Pods-WagesCounter.release.xcconfig"; sourceTree = "<group>"; };
		39DEEB33B4DB73A56D9ED9BB /* Pods_WagesCounter.framework */ = {isa = PBXFileReference; explicitFileType = wrapper.framework; includeInIndex = 0; path = Pods_WagesCounter.framework; sourceTree = BUILT_PRODUCTS_DIR; };
		89D8EB682604EB2C0046D14F /* WagesCounter.app */ = {isa = PBXFileReference; explicitFileType = wrapper.application; includeInIndex = 0; path = WagesCounter.app; sourceTree = BUILT_PRODUCTS_DIR; };
		89D8EB6B2604EB2C0046D14F /* AppDelegate.swift */ = {isa = PBXFileReference; lastKnownFileType = sourcecode.swift; path = AppDelegate.swift; sourceTree = "<group>"; };
		89D8EB6D2604EB2C0046D14F /* SceneDelegate.swift */ = {isa = PBXFileReference; lastKnownFileType = sourcecode.swift; path = SceneDelegate.swift; sourceTree = "<group>"; };
		89D8EB6F2604EB2C0046D14F /* ViewController.swift */ = {isa = PBXFileReference; lastKnownFileType = sourcecode.swift; path = ViewController.swift; sourceTree = "<group>"; };
		89D8EB722604EB2C0046D14F /* Base */ = {isa = PBXFileReference; lastKnownFileType = file.storyboard; name = Base; path = Base.lproj/Main.storyboard; sourceTree = "<group>"; };
		89D8EB742604EB2D0046D14F /* Assets.xcassets */ = {isa = PBXFileReference; lastKnownFileType = folder.assetcatalog; path = Assets.xcassets; sourceTree = "<group>"; };
		89D8EB772604EB2D0046D14F /* Base */ = {isa = PBXFileReference; lastKnownFileType = file.storyboard; name = Base; path = Base.lproj/LaunchScreen.storyboard; sourceTree = "<group>"; };
		89D8EB792604EB2D0046D14F /* Info.plist */ = {isa = PBXFileReference; lastKnownFileType = text.plist.xml; path = Info.plist; sourceTree = "<group>"; };
		DB7A80D2D24A5E6208F04892 /* Pods-WagesCounter.debug.xcconfig */ = {isa = PBXFileReference; includeInIndex = 1; lastKnownFileType = text.xcconfig; name = "Pods-WagesCounter.debug.xcconfig"; path = "Target Support Files/Pods-WagesCounter/Pods-WagesCounter.debug.xcconfig"; sourceTree = "<group>"; };
/* End PBXFileReference section */

/* Begin PBXFrameworksBuildPhase section */
		89D8EB652604EB2C0046D14F /* Frameworks */ = {
			isa = PBXFrameworksBuildPhase;
			buildActionMask = 2147483647;
			files = (
				82D7ED6F7E052EA4C590082D /* Pods_WagesCounter.framework in Frameworks */,
			);
			runOnlyForDeploymentPostprocessing = 0;
		};
/* End PBXFrameworksBuildPhase section */

/* Begin PBXGroup section */
		4AA930F61171EB87E99B5E3A /* Pods */ = {
			isa = PBXGroup;
			children = (
				DB7A80D2D24A5E6208F04892 /* Pods-WagesCounter.debug.xcconfig */,
				0BB733DD772AF1C2DC758D0D /* Pods-WagesCounter.release.xcconfig */,
			);
			path = Pods;
			sourceTree = "<group>";
		};
		89D8EB5F2604EB2C0046D14F = {
			isa = PBXGroup;
			children = (
				89D8EB6A2604EB2C0046D14F /* WagesCounter */,
				89D8EB692604EB2C0046D14F /* Products */,
				4AA930F61171EB87E99B5E3A /* Pods */,
				BE71DE7530619EFDB25B3B8E /* Frameworks */,
			);
			sourceTree = "<group>";
		};
		89D8EB692604EB2C0046D14F /* Products */ = {
			isa = PBXGroup;
			children = (
				89D8EB682604EB2C0046D14F /* WagesCounter.app */,
			);
			name = Products;
			sourceTree = "<group>";
		};
		89D8EB6A2604EB2C0046D14F /* WagesCounter */ = {
			isa = PBXGroup;
			children = (
				89D8EB6B2604EB2C0046D14F /* AppDelegate.swift */,
				89D8EB6D2604EB2C0046D14F /* SceneDelegate.swift */,
				89D8EB6F2604EB2C0046D14F /* ViewController.swift */,
				89D8EB712604EB2C0046D14F /* Main.storyboard */,
				89D8EB742604EB2D0046D14F /* Assets.xcassets */,
				89D8EB762604EB2D0046D14F /* LaunchScreen.storyboard */,
				89D8EB792604EB2D0046D14F /* Info.plist */,
			);
			path = WagesCounter;
			sourceTree = "<group>";
		};
		BE71DE7530619EFDB25B3B8E /* Frameworks */ = {
			isa = PBXGroup;
			children = (
				39DEEB33B4DB73A56D9ED9BB /* Pods_WagesCounter.framework */,
			);
			name = Frameworks;
			sourceTree = "<group>";
		};
/* End PBXGroup section */

/* Begin PBXNativeTarget section */
		89D8EB672604EB2C0046D14F /* WagesCounter */ = {
			isa = PBXNativeTarget;
			buildConfigurationList = 89D8EB7C2604EB2D0046D14F /* Build configuration list for PBXNativeTarget "WagesCounter" */;
			buildPhases = (
				0E1CAE55E5CD93CC97529332 /* [CP] Check Pods Manifest.lock */,
				89D8EB642604EB2C0046D14F /* Sources */,
				89D8EB652604EB2C0046D14F /* Frameworks */,
				89D8EB662604EB2C0046D14F /* Resources */,
				13FD9F90863C49CAB2645DD9 /* [CP] Embed Pods Frameworks */,
			);
			buildRules = (
			);
			dependencies = (
			);
			name = WagesCounter;
			productName = WagesCounter;
			productReference = 89D8EB682604EB2C0046D14F /* WagesCounter.app */;
			productType = "com.apple.product-type.application";
		};
/* End PBXNativeTarget section */

/* Begin PBXProject section */
		89D8EB602604EB2C0046D14F /* Project object */ = {
			isa = PBXProject;
			attributes = {
				LastSwiftUpdateCheck = 1200;
				LastUpgradeCheck = 1200;
				TargetAttributes = {
					89D8EB672604EB2C0046D14F = {
						CreatedOnToolsVersion = 12.0.1;
					};
				};
			};
			buildConfigurationList = 89D8EB632604EB2C0046D14F /* Build configuration list for PBXProject "WagesCounter" */;
			compatibilityVersion = "Xcode 9.3";
			developmentRegion = en;
			hasScannedForEncodings = 0;
			knownRegions = (
				en,
				Base,
			);
			mainGroup = 89D8EB5F2604EB2C0046D14F;
			productRefGroup = 89D8EB692604EB2C0046D14F /* Products */;
			projectDirPath = "";
			projectRoot = "";
			targets = (
				89D8EB672604EB2C0046D14F /* WagesCounter */,
			);
		};
/* End PBXProject section */

/* Begin PBXResourcesBuildPhase section */
		89D8EB662604EB2C0046D14F /* Resources */ = {
			isa = PBXResourcesBuildPhase;
			buildActionMask = 2147483647;
			files = (
				89D8EB782604EB2D0046D14F /* LaunchScreen.storyboard in Resources */,
				89D8EB752604EB2D0046D14F /* Assets.xcassets in Resources */,
				89D8EB732604EB2C0046D14F /* Main.storyboard in Resources */,
			);
			runOnlyForDeploymentPostprocessing = 0;
		};
/* End PBXResourcesBuildPhase section */

/* Begin PBXShellScriptBuildPhase section */
		0E1CAE55E5CD93CC97529332 /* [CP] Check Pods Manifest.lock */ = {
			isa = PBXShellScriptBuildPhase;
			buildActionMask = 2147483647;
			files = (
			);
			inputFileListPaths = (
			);
			inputPaths = (
				"${PODS_PODFILE_DIR_PATH}/Podfile.lock",
				"${PODS_ROOT}/Manifest.lock",
			);
			name = "[CP] Check Pods Manifest.lock";
			outputFileListPaths = (
			);
			outputPaths = (
				"$(DERIVED_FILE_DIR)/Pods-WagesCounter-checkManifestLockResult.txt",
			);
			runOnlyForDeploymentPostprocessing = 0;
			shellPath = /bin/sh;
			shellScript = "diff \"${PODS_PODFILE_DIR_PATH}/Podfile.lock\" \"${PODS_ROOT}/Manifest.lock\" > /dev/null\nif [ $? != 0 ] ; then\n    # print error to STDERR\n    echo \"error: The sandbox is not in sync with the Podfile.lock. Run 'pod install' or update your CocoaPods installation.\" >&2\n    exit 1\nfi\n# This output is used by Xcode 'outputs' to avoid re-running this script phase.\necho \"SUCCESS\" > \"${SCRIPT_OUTPUT_FILE_0}\"\n";
			showEnvVarsInLog = 0;
		};
		13FD9F90863C49CAB2645DD9 /* [CP] Embed Pods Frameworks */ = {
			isa = PBXShellScriptBuildPhase;
			buildActionMask = 2147483647;
			files = (
			);
			inputFileListPaths = (
				"${PODS_ROOT}/Target Support Files/Pods-WagesCounter/Pods-WagesCounter-frameworks-${CONFIGURATION}-input-files.xcfilelist",
			);
			name = "[CP] Embed Pods Frameworks";
			outputFileListPaths = (
				"${PODS_ROOT}/Target Support Files/Pods-WagesCounter/Pods-WagesCounter-frameworks-${CONFIGURATION}-output-files.xcfilelist",
			);
			runOnlyForDeploymentPostprocessing = 0;
			shellPath = /bin/sh;
			shellScript = "\"${PODS_ROOT}/Target Support Files/Pods-WagesCounter/Pods-WagesCounter-frameworks.sh\"\n";
			showEnvVarsInLog = 0;
		};
/* End PBXShellScriptBuildPhase section */

/* Begin PBXSourcesBuildPhase section */
		89D8EB642604EB2C0046D14F /* Sources */ = {
			isa = PBXSourcesBuildPhase;
			buildActionMask = 2147483647;
			files = (
				89D8EB702604EB2C0046D14F /* ViewController.swift in Sources */,
				89D8EB6C2604EB2C0046D14F /* AppDelegate.swift in Sources */,
				89D8EB6E2604EB2C0046D14F /* SceneDelegate.swift in Sources */,
			);
			runOnlyForDeploymentPostprocessing = 0;
		};
/* End PBXSourcesBuildPhase section */

/* Begin PBXVariantGroup section */
		89D8EB712604EB2C0046D14F /* Main.storyboard */ = {
			isa = PBXVariantGroup;
			children = (
				89D8EB722604EB2C0046D14F /* Base */,
			);
			name = Main.storyboard;
			sourceTree = "<group>";
		};
		89D8EB762604EB2D0046D14F /* LaunchScreen.storyboard */ = {
			isa = PBXVariantGroup;
			children = (
				89D8EB772604EB2D0046D14F /* Base */,
			);
			name = LaunchScreen.storyboard;
			sourceTree = "<group>";
		};
/* End PBXVariantGroup section */

/* Begin XCBuildConfiguration section */
		89D8EB7A2604EB2D0046D14F /* Debug */ = {
			isa = XCBuildConfiguration;
			buildSettings = {
				ALWAYS_SEARCH_USER_PATHS = NO;
				CLANG_ANALYZER_NONNULL = YES;
				CLANG_ANALYZER_NUMBER_OBJECT_CONVERSION = YES_AGGRESSIVE;
				CLANG_CXX_LANGUAGE_STANDARD = "gnu++14";
				CLANG_CXX_LIBRARY = "libc++";
				CLANG_ENABLE_MODULES = YES;
				CLANG_ENABLE_OBJC_ARC = YES;
				CLANG_ENABLE_OBJC_WEAK = YES;
				CLANG_WARN_BLOCK_CAPTURE_AUTORELEASING = YES;
				CLANG_WARN_BOOL_CONVERSION = YES;
				CLANG_WARN_COMMA = YES;
				CLANG_WARN_CONSTANT_CONVERSION = YES;
				CLANG_WARN_DEPRECATED_OBJC_IMPLEMENTATIONS = YES;
				CLANG_WARN_DIRECT_OBJC_ISA_USAGE = YES_ERROR;
				CLANG_WARN_DOCUMENTATION_COMMENTS = YES;
				CLANG_WARN_EMPTY_BODY = YES;
				CLANG_WARN_ENUM_CONVERSION = YES;
				CLANG_WARN_INFINITE_RECURSION = YES;
				CLANG_WARN_INT_CONVERSION = YES;
				CLANG_WARN_NON_LITERAL_NULL_CONVERSION = YES;
				CLANG_WARN_OBJC_IMPLICIT_RETAIN_SELF = YES;
				CLANG_WARN_OBJC_LITERAL_CONVERSION = YES;
				CLANG_WARN_OBJC_ROOT_CLASS = YES_ERROR;
				CLANG_WARN_QUOTED_INCLUDE_IN_FRAMEWORK_HEADER = YES;
				CLANG_WARN_RANGE_LOOP_ANALYSIS = YES;
				CLANG_WARN_STRICT_PROTOTYPES = YES;
				CLANG_WARN_SUSPICIOUS_MOVE = YES;
				CLANG_WARN_UNGUARDED_AVAILABILITY = YES_AGGRESSIVE;
				CLANG_WARN_UNREACHABLE_CODE = YES;
				CLANG_WARN__DUPLICATE_METHOD_MATCH = YES;
				COPY_PHASE_STRIP = NO;
				DEBUG_INFORMATION_FORMAT = dwarf;
				ENABLE_STRICT_OBJC_MSGSEND = YES;
				ENABLE_TESTABILITY = YES;
				GCC_C_LANGUAGE_STANDARD = gnu11;
				GCC_DYNAMIC_NO_PIC = NO;
				GCC_NO_COMMON_BLOCKS = YES;
				GCC_OPTIMIZATION_LEVEL = 0;
				GCC_PREPROCESSOR_DEFINITIONS = (
					"DEBUG=1",
					"$(inherited)",
				);
				GCC_WARN_64_TO_32_BIT_CONVERSION = YES;
				GCC_WARN_ABOUT_RETURN_TYPE = YES_ERROR;
				GCC_WARN_UNDECLARED_SELECTOR = YES;
				GCC_WARN_UNINITIALIZED_AUTOS = YES_AGGRESSIVE;
				GCC_WARN_UNUSED_FUNCTION = YES;
				GCC_WARN_UNUSED_VARIABLE = YES;
				IPHONEOS_DEPLOYMENT_TARGET = 14.0;
				MTL_ENABLE_DEBUG_INFO = INCLUDE_SOURCE;
				MTL_FAST_MATH = YES;
				ONLY_ACTIVE_ARCH = YES;
				SDKROOT = iphoneos;
				SWIFT_ACTIVE_COMPILATION_CONDITIONS = DEBUG;
				SWIFT_OPTIMIZATION_LEVEL = "-Onone";
			};
			name = Debug;
		};
		89D8EB7B2604EB2D0046D14F /* Release */ = {
			isa = XCBuildConfiguration;
			buildSettings = {
				ALWAYS_SEARCH_USER_PATHS = NO;
				CLANG_ANALYZER_NONNULL = YES;
				CLANG_ANALYZER_NUMBER_OBJECT_CONVERSION = YES_AGGRESSIVE;
				CLANG_CXX_LANGUAGE_STANDARD = "gnu++14";
				CLANG_CXX_LIBRARY = "libc++";
				CLANG_ENABLE_MODULES = YES;
				CLANG_ENABLE_OBJC_ARC = YES;
				CLANG_ENABLE_OBJC_WEAK = YES;
				CLANG_WARN_BLOCK_CAPTURE_AUTORELEASING = YES;
				CLANG_WARN_BOOL_CONVERSION = YES;
				CLANG_WARN_COMMA = YES;
				CLANG_WARN_CONSTANT_CONVERSION = YES;
				CLANG_WARN_DEPRECATED_OBJC_IMPLEMENTATIONS = YES;
				CLANG_WARN_DIRECT_OBJC_ISA_USAGE = YES_ERROR;
				CLANG_WARN_DOCUMENTATION_COMMENTS = YES;
				CLANG_WARN_EMPTY_BODY = YES;
				CLANG_WARN_ENUM_CONVERSION = YES;
				CLANG_WARN_INFINITE_RECURSION = YES;
				CLANG_WARN_INT_CONVERSION = YES;
				CLANG_WARN_NON_LITERAL_NULL_CONVERSION = YES;
				CLANG_WARN_OBJC_IMPLICIT_RETAIN_SELF = YES;
				CLANG_WARN_OBJC_LITERAL_CONVERSION = YES;
				CLANG_WARN_OBJC_ROOT_CLASS = YES_ERROR;
				CLANG_WARN_QUOTED_INCLUDE_IN_FRAMEWORK_HEADER = YES;
				CLANG_WARN_RANGE_LOOP_ANALYSIS = YES;
				CLANG_WARN_STRICT_PROTOTYPES = YES;
				CLANG_WARN_SUSPICIOUS_MOVE = YES;
				CLANG_WARN_UNGUARDED_AVAILABILITY = YES_AGGRESSIVE;
				CLANG_WARN_UNREACHABLE_CODE = YES;
				CLANG_WARN__DUPLICATE_METHOD_MATCH = YES;
				COPY_PHASE_STRIP = NO;
				DEBUG_INFORMATION_FORMAT = "dwarf-with-dsym";
				ENABLE_NS_ASSERTIONS = NO;
				ENABLE_STRICT_OBJC_MSGSEND = YES;
				GCC_C_LANGUAGE_STANDARD = gnu11;
				GCC_NO_COMMON_BLOCKS = YES;
				GCC_WARN_64_TO_32_BIT_CONVERSION = YES;
				GCC_WARN_ABOUT_RETURN_TYPE = YES_ERROR;
				GCC_WARN_UNDECLARED_SELECTOR = YES;
				GCC_WARN_UNINITIALIZED_AUTOS = YES_AGGRESSIVE;
				GCC_WARN_UNUSED_FUNCTION = YES;
				GCC_WARN_UNUSED_VARIABLE = YES;
				IPHONEOS_DEPLOYMENT_TARGET = 14.0;
				MTL_ENABLE_DEBUG_INFO = NO;
				MTL_FAST_MATH = YES;
				SDKROOT = iphoneos;
				SWIFT_COMPILATION_MODE = wholemodule;
				SWIFT_OPTIMIZATION_LEVEL = "-O";
				VALIDATE_PRODUCT = YES;
			};
			name = Release;
		};
		89D8EB7D2604EB2D0046D14F /* Debug */ = {
			isa = XCBuildConfiguration;
			baseConfigurationReference = DB7A80D2D24A5E6208F04892 /* Pods-WagesCounter.debug.xcconfig */;
			buildSettings = {
				ASSETCATALOG_COMPILER_APPICON_NAME = AppIcon;
				ASSETCATALOG_COMPILER_GLOBAL_ACCENT_COLOR_NAME = AccentColor;
				CODE_SIGN_STYLE = Automatic;
				DEVELOPMENT_TEAM = 4XKKKM86RN;
				INFOPLIST_FILE = WagesCounter/Info.plist;
				LD_RUNPATH_SEARCH_PATHS = (
					"$(inherited)",
					"@executable_path/Frameworks",
				);
				PRODUCT_BUNDLE_IDENTIFIER = com.elu.app.WagesCounter;
				PRODUCT_NAME = "$(TARGET_NAME)";
				SWIFT_VERSION = 5.0;
				TARGETED_DEVICE_FAMILY = "1,2";
			};
			name = Debug;
		};
		89D8EB7E2604EB2D0046D14F /* Release */ = {
			isa = XCBuildConfiguration;
			baseConfigurationReference = 0BB733DD772AF1C2DC758D0D /* Pods-WagesCounter.release.xcconfig */;
			buildSettings = {
				ASSETCATALOG_COMPILER_APPICON_NAME = AppIcon;
				ASSETCATALOG_COMPILER_GLOBAL_ACCENT_COLOR_NAME = AccentColor;
				CODE_SIGN_STYLE = Automatic;
				DEVELOPMENT_TEAM = 4XKKKM86RN;
				INFOPLIST_FILE = WagesCounter/Info.plist;
				LD_RUNPATH_SEARCH_PATHS = (
					"$(inherited)",
					"@executable_path/Frameworks",
				);
				PRODUCT_BUNDLE_IDENTIFIER = com.elu.app.WagesCounter;
				PRODUCT_NAME = "$(TARGET_NAME)";
				SWIFT_VERSION = 5.0;
				TARGETED_DEVICE_FAMILY = "1,2";
			};
			name = Release;
		};
/* End XCBuildConfiguration section */

/* Begin XCConfigurationList section */
		89D8EB632604EB2C0046D14F /* Build configuration list for PBXProject "WagesCounter" */ = {
			isa = XCConfigurationList;
			buildConfigurations = (
				89D8EB7A2604EB2D0046D14F /* Debug */,
				89D8EB7B2604EB2D0046D14F /* Release */,
			);
			defaultConfigurationIsVisible = 0;
			defaultConfigurationName = Release;
		};
		89D8EB7C2604EB2D0046D14F /* Build configuration list for PBXNativeTarget "WagesCounter" */ = {
			isa = XCConfigurationList;
			buildConfigurations = (
				89D8EB7D2604EB2D0046D14F /* Debug */,
				89D8EB7E2604EB2D0046D14F /* Release */,
			);
			defaultConfigurationIsVisible = 0;
			defaultConfigurationName = Release;
		};
/* End XCConfigurationList section */
	};
	rootObject = 89D8EB602604EB2C0046D14F /* Project object */;
}
